
Microsoft Visual Studio Solution File, Format Version 12.00
# Visual Studio Version 17
VisualStudioVersion = 17.5.002.0
MinimumVisualStudioVersion = 10.0.40219.1
Project("{9A19103F-16F7-4668-BE54-9A1E7A4F7556}") = "Oyun", "Oyun.csproj", "{6C5EC8CB-2221-45A7-B055-46E6F10A26ED}"
EndProject
Global
	GlobalSection(SolutionConfigurationPlatforms) = preSolution
		Debug|Any CPU = Debug|Any CPU
		Release|Any CPU = Release|Any CPU
	EndGlobalSection
	GlobalSection(ProjectConfigurationPlatforms) = postSolution
		{6C5EC8CB-2221-45A7-B055-46E6F10A26ED}.Debug|Any CPU.ActiveCfg = Debug|Any CPU
		{6C5EC8CB-2221-45A7-B055-46E6F10A26ED}.Debug|Any CPU.Build.0 = Debug|Any CPU
		{6C5EC8CB-2221-45A7-B055-46E6F10A26ED}.Release|Any CPU.ActiveCfg = Release|Any CPU
		{6C5EC8CB-2221-45A7-B055-46E6F10A26ED}.Release|Any CPU.Build.0 = Release|Any CPU
	EndGlobalSection
	GlobalSection(SolutionProperties) = preSolution
		HideSolutionNode = FALSE
	EndGlobalSection
	GlobalSection(ExtensibilityGlobals) = postSolution
		SolutionGuid = {F22EF137-A979-4437-803B-5BB0CED02554}
	EndGlobalSection
EndGlobal
